// !$*UTF8*$!
{
	archiveVersion = 1;
	classes = {
	};
	objectVersion = 46;
	objects = {

/* Begin PBXBuildFile section */
		A75D69A3235FDEC200E557C5 /* RCTNativoSDK.m in Sources */ = {isa = PBXBuildFile; fileRef = A75D69A2235FDEC200E557C5 /* RCTNativoSDK.m */; };
		A75D69A72360F4E000E557C5 /* RCTNtvSectionDelegate.m in Sources */ = {isa = PBXBuildFile; fileRef = A75D69A62360F4E000E557C5 /* RCTNtvSectionDelegate.m */; };
		A75D69B8236214F900E557C5 /* ArticleVideoAdView.m in Sources */ = {isa = PBXBuildFile; fileRef = A75D69B6236214F800E557C5 /* ArticleVideoAdView.m */; };
		A77E8C90234565E700D29F05 /* NativoAdsUtils.m in Sources */ = {isa = PBXBuildFile; fileRef = A77E8C8F234565E700D29F05 /* NativoAdsUtils.m */; };
		A77E8C9523456C4300D29F05 /* ArticleNativeAdView.m in Sources */ = {isa = PBXBuildFile; fileRef = A77E8C9423456C4300D29F05 /* ArticleNativeAdView.m */; };
		B3E7B58A1CC2AC0600A0062D /* NativoAds.m in Sources */ = {isa = PBXBuildFile; fileRef = B3E7B5891CC2AC0600A0062D /* NativoAds.m */; };
/* End PBXBuildFile section */

/* Begin PBXCopyFilesBuildPhase section */
		58B511D91A9E6C8500147676 /* CopyFiles */ = {
			isa = PBXCopyFilesBuildPhase;
			buildActionMask = 2147483647;
			dstPath = "include/$(PRODUCT_NAME)";
			dstSubfolderSpec = 10;
			files = (
			);
			runOnlyForDeploymentPostprocessing = 0;
		};
/* End PBXCopyFilesBuildPhase section */

/* Begin PBXFileReference section */
		134814201AA4EA6300B7C361 /* libNativoAds.a */ = {isa = PBXFileReference; explicitFileType = archive.ar; includeInIndex = 0; path = libNativoAds.a; sourceTree = BUILT_PRODUCTS_DIR; };
		A75D69A1235FDEC200E557C5 /* RCTNativoSDK.h */ = {isa = PBXFileReference; lastKnownFileType = sourcecode.c.h; path = RCTNativoSDK.h; sourceTree = "<group>"; };
		A75D69A2235FDEC200E557C5 /* RCTNativoSDK.m */ = {isa = PBXFileReference; lastKnownFileType = sourcecode.c.objc; path = RCTNativoSDK.m; sourceTree = "<group>"; };
		A75D69A52360F4E000E557C5 /* RCTNtvSectionDelegate.h */ = {isa = PBXFileReference; lastKnownFileType = sourcecode.c.h; path = RCTNtvSectionDelegate.h; sourceTree = "<group>"; };
		A75D69A62360F4E000E557C5 /* RCTNtvSectionDelegate.m */ = {isa = PBXFileReference; lastKnownFileType = sourcecode.c.objc; path = RCTNtvSectionDelegate.m; sourceTree = "<group>"; };
		A75D69B32362148D00E557C5 /* ArticleVideoAdView.xib */ = {isa = PBXFileReference; fileEncoding = 4; lastKnownFileType = file.xib; path = ArticleVideoAdView.xib; sourceTree = "<group>"; };
		A75D69B6236214F800E557C5 /* ArticleVideoAdView.m */ = {isa = PBXFileReference; fileEncoding = 4; lastKnownFileType = sourcecode.c.objc; path = ArticleVideoAdView.m; sourceTree = "<group>"; };
		A75D69B7236214F900E557C5 /* ArticleVideoAdView.h */ = {isa = PBXFileReference; fileEncoding = 4; lastKnownFileType = sourcecode.c.h; path = ArticleVideoAdView.h; sourceTree = "<group>"; };
		A77E8C6F23454E9100D29F05 /* ArticleNativeAdView.xib */ = {isa = PBXFileReference; fileEncoding = 4; lastKnownFileType = file.xib; path = ArticleNativeAdView.xib; sourceTree = "<group>"; };
		A77E8C782345550D00D29F05 /* Info.plist */ = {isa = PBXFileReference; lastKnownFileType = text.plist.xml; path = Info.plist; sourceTree = "<group>"; };
		A77E8C8E234565E700D29F05 /* NativoAdsUtils.h */ = {isa = PBXFileReference; lastKnownFileType = sourcecode.c.h; path = NativoAdsUtils.h; sourceTree = "<group>"; };
		A77E8C8F234565E700D29F05 /* NativoAdsUtils.m */ = {isa = PBXFileReference; lastKnownFileType = sourcecode.c.objc; path = NativoAdsUtils.m; sourceTree = "<group>"; };
		A77E8C9323456C4200D29F05 /* ArticleNativeAdView.h */ = {isa = PBXFileReference; fileEncoding = 4; lastKnownFileType = sourcecode.c.h; path = ArticleNativeAdView.h; sourceTree = "<group>"; };
		A77E8C9423456C4300D29F05 /* ArticleNativeAdView.m */ = {isa = PBXFileReference; fileEncoding = 4; lastKnownFileType = sourcecode.c.objc; path = ArticleNativeAdView.m; sourceTree = "<group>"; };
		A77E8D17234583F600D29F05 /* NativoSDK.framework */ = {isa = PBXFileReference; explicitFileType = wrapper.framework; path = NativoSDK.framework; sourceTree = BUILT_PRODUCTS_DIR; };
		A7B54A892347CD0300BCBAF3 /* NativoSDK.framework */ = {isa = PBXFileReference; explicitFileType = wrapper.framework; path = NativoSDK.framework; sourceTree = BUILT_PRODUCTS_DIR; };
		A7B54AA92347D70100BCBAF3 /* NativoSDK.framework */ = {isa = PBXFileReference; explicitFileType = wrapper.framework; path = NativoSDK.framework; sourceTree = BUILT_PRODUCTS_DIR; };
		B3E7B5881CC2AC0600A0062D /* NativoAds.h */ = {isa = PBXFileReference; fileEncoding = 4; lastKnownFileType = sourcecode.c.h; path = NativoAds.h; sourceTree = "<group>"; };
		B3E7B5891CC2AC0600A0062D /* NativoAds.m */ = {isa = PBXFileReference; fileEncoding = 4; lastKnownFileType = sourcecode.c.objc; path = NativoAds.m; sourceTree = "<group>"; };
/* End PBXFileReference section */

/* Begin PBXFrameworksBuildPhase section */
		58B511D81A9E6C8500147676 /* Frameworks */ = {
			isa = PBXFrameworksBuildPhase;
			buildActionMask = 2147483647;
			files = (
			);
			runOnlyForDeploymentPostprocessing = 0;
		};
/* End PBXFrameworksBuildPhase section */

/* Begin PBXGroup section */
		134814211AA4EA7D00B7C361 /* Products */ = {
			isa = PBXGroup;
			children = (
				134814201AA4EA6300B7C361 /* libNativoAds.a */,
			);
			name = Products;
			sourceTree = "<group>";
		};
		58B511D21A9E6C8500147676 = {
			isa = PBXGroup;
			children = (
				A75D69A1235FDEC200E557C5 /* RCTNativoSDK.h */,
				A75D69A2235FDEC200E557C5 /* RCTNativoSDK.m */,
				A75D69A52360F4E000E557C5 /* RCTNtvSectionDelegate.h */,
				A75D69A62360F4E000E557C5 /* RCTNtvSectionDelegate.m */,
				B3E7B5881CC2AC0600A0062D /* NativoAds.h */,
				B3E7B5891CC2AC0600A0062D /* NativoAds.m */,
				A77E8C8E234565E700D29F05 /* NativoAdsUtils.h */,
				A77E8C8F234565E700D29F05 /* NativoAdsUtils.m */,
				A77E8C9323456C4200D29F05 /* ArticleNativeAdView.h */,
				A77E8C9423456C4300D29F05 /* ArticleNativeAdView.m */,
				A75D69B7236214F900E557C5 /* ArticleVideoAdView.h */,
				A75D69B6236214F800E557C5 /* ArticleVideoAdView.m */,
				A77E8C772345550D00D29F05 /* Resources */,
				134814211AA4EA7D00B7C361 /* Products */,
				A77E8CDE234575DE00D29F05 /* Frameworks */,
			);
			sourceTree = "<group>";
		};
		A77E8C772345550D00D29F05 /* Resources */ = {
			isa = PBXGroup;
			children = (
				A75D69B32362148D00E557C5 /* ArticleVideoAdView.xib */,
				A77E8C6F23454E9100D29F05 /* ArticleNativeAdView.xib */,
				A77E8C782345550D00D29F05 /* Info.plist */,
			);
			path = Resources;
			sourceTree = "<group>";
		};
		A77E8CDE234575DE00D29F05 /* Frameworks */ = {
			isa = PBXGroup;
			children = (
				A7B54AA92347D70100BCBAF3 /* NativoSDK.framework */,
				A7B54A892347CD0300BCBAF3 /* NativoSDK.framework */,
				A77E8D17234583F600D29F05 /* NativoSDK.framework */,
			);
			name = Frameworks;
			sourceTree = "<group>";
		};
/* End PBXGroup section */

/* Begin PBXNativeTarget section */
		58B511DA1A9E6C8500147676 /* NativoAds */ = {
			isa = PBXNativeTarget;
			buildConfigurationList = 58B511EF1A9E6C8500147676 /* Build configuration list for PBXNativeTarget "NativoAds" */;
			buildPhases = (
				58B511D71A9E6C8500147676 /* Sources */,
				58B511D81A9E6C8500147676 /* Frameworks */,
				58B511D91A9E6C8500147676 /* CopyFiles */,
				A77E8C8723455C0900D29F05 /* Resources */,
			);
			buildRules = (
			);
			dependencies = (
			);
			name = NativoAds;
			productName = RCTDataManager;
			productReference = 134814201AA4EA6300B7C361 /* libNativoAds.a */;
			productType = "com.apple.product-type.library.static";
		};
/* End PBXNativeTarget section */

/* Begin PBXProject section */
		58B511D31A9E6C8500147676 /* Project object */ = {
			isa = PBXProject;
			attributes = {
				LastUpgradeCheck = 1100;
				ORGANIZATIONNAME = Facebook;
				TargetAttributes = {
					58B511DA1A9E6C8500147676 = {
						CreatedOnToolsVersion = 6.1.1;
					};
				};
			};
			buildConfigurationList = 58B511D61A9E6C8500147676 /* Build configuration list for PBXProject "NativoAds" */;
			compatibilityVersion = "Xcode 3.2";
			developmentRegion = English;
			hasScannedForEncodings = 0;
			knownRegions = (
				English,
				en,
			);
			mainGroup = 58B511D21A9E6C8500147676;
			productRefGroup = 58B511D21A9E6C8500147676;
			projectDirPath = "";
			projectRoot = "";
			targets = (
				58B511DA1A9E6C8500147676 /* NativoAds */,
			);
		};
/* End PBXProject section */

/* Begin PBXResourcesBuildPhase section */
		A77E8C8723455C0900D29F05 /* Resources */ = {
			isa = PBXResourcesBuildPhase;
			buildActionMask = 2147483647;
			files = (
			);
			runOnlyForDeploymentPostprocessing = 0;
		};
/* End PBXResourcesBuildPhase section */

/* Begin PBXSourcesBuildPhase section */
		58B511D71A9E6C8500147676 /* Sources */ = {
			isa = PBXSourcesBuildPhase;
			buildActionMask = 2147483647;
			files = (
				A75D69A72360F4E000E557C5 /* RCTNtvSectionDelegate.m in Sources */,
				B3E7B58A1CC2AC0600A0062D /* NativoAds.m in Sources */,
				A75D69A3235FDEC200E557C5 /* RCTNativoSDK.m in Sources */,
				A77E8C9523456C4300D29F05 /* ArticleNativeAdView.m in Sources */,
				A77E8C90234565E700D29F05 /* NativoAdsUtils.m in Sources */,
				A75D69B8236214F900E557C5 /* ArticleVideoAdView.m in Sources */,
			);
			runOnlyForDeploymentPostprocessing = 0;
		};
/* End PBXSourcesBuildPhase section */

/* Begin XCBuildConfiguration section */
		58B511ED1A9E6C8500147676 /* Debug */ = {
			isa = XCBuildConfiguration;
			buildSettings = {
				ALWAYS_SEARCH_USER_PATHS = NO;
				CLANG_ANALYZER_LOCALIZABILITY_NONLOCALIZED = YES;
				CLANG_CXX_LANGUAGE_STANDARD = "gnu++0x";
				CLANG_CXX_LIBRARY = "libc++";
				CLANG_ENABLE_MODULES = YES;
				CLANG_ENABLE_OBJC_ARC = YES;
				CLANG_WARN_BLOCK_CAPTURE_AUTORELEASING = YES;
				CLANG_WARN_BOOL_CONVERSION = YES;
				CLANG_WARN_COMMA = YES;
				CLANG_WARN_CONSTANT_CONVERSION = YES;
				CLANG_WARN_DEPRECATED_OBJC_IMPLEMENTATIONS = YES;
				CLANG_WARN_DIRECT_OBJC_ISA_USAGE = YES_ERROR;
				CLANG_WARN_EMPTY_BODY = YES;
				CLANG_WARN_ENUM_CONVERSION = YES;
				CLANG_WARN_INFINITE_RECURSION = YES;
				CLANG_WARN_INT_CONVERSION = YES;
				CLANG_WARN_NON_LITERAL_NULL_CONVERSION = YES;
				CLANG_WARN_OBJC_IMPLICIT_RETAIN_SELF = YES;
				CLANG_WARN_OBJC_LITERAL_CONVERSION = YES;
				CLANG_WARN_OBJC_ROOT_CLASS = YES_ERROR;
				CLANG_WARN_RANGE_LOOP_ANALYSIS = YES;
				CLANG_WARN_STRICT_PROTOTYPES = YES;
				CLANG_WARN_SUSPICIOUS_MOVE = YES;
				CLANG_WARN_UNREACHABLE_CODE = YES;
				CLANG_WARN__DUPLICATE_METHOD_MATCH = YES;
				COPY_PHASE_STRIP = NO;
				ENABLE_STRICT_OBJC_MSGSEND = YES;
				ENABLE_TESTABILITY = YES;
				GCC_C_LANGUAGE_STANDARD = gnu99;
				GCC_DYNAMIC_NO_PIC = NO;
				GCC_NO_COMMON_BLOCKS = YES;
				GCC_OPTIMIZATION_LEVEL = 0;
				GCC_PREPROCESSOR_DEFINITIONS = (
					"DEBUG=1",
					"$(inherited)",
				);
				GCC_SYMBOLS_PRIVATE_EXTERN = NO;
				GCC_WARN_64_TO_32_BIT_CONVERSION = YES;
				GCC_WARN_ABOUT_RETURN_TYPE = YES_ERROR;
				GCC_WARN_UNDECLARED_SELECTOR = YES;
				GCC_WARN_UNINITIALIZED_AUTOS = YES_AGGRESSIVE;
				GCC_WARN_UNUSED_FUNCTION = YES;
				GCC_WARN_UNUSED_VARIABLE = YES;
				IPHONEOS_DEPLOYMENT_TARGET = 8.0;
				MTL_ENABLE_DEBUG_INFO = YES;
				ONLY_ACTIVE_ARCH = YES;
				SDKROOT = iphoneos;
			};
			name = Debug;
		};
		58B511EE1A9E6C8500147676 /* Release */ = {
			isa = XCBuildConfiguration;
			buildSettings = {
				ALWAYS_SEARCH_USER_PATHS = NO;
				CLANG_ANALYZER_LOCALIZABILITY_NONLOCALIZED = YES;
				CLANG_CXX_LANGUAGE_STANDARD = "gnu++0x";
				CLANG_CXX_LIBRARY = "libc++";
				CLANG_ENABLE_MODULES = YES;
				CLANG_ENABLE_OBJC_ARC = YES;
				CLANG_WARN_BLOCK_CAPTURE_AUTORELEASING = YES;
				CLANG_WARN_BOOL_CONVERSION = YES;
				CLANG_WARN_COMMA = YES;
				CLANG_WARN_CONSTANT_CONVERSION = YES;
				CLANG_WARN_DEPRECATED_OBJC_IMPLEMENTATIONS = YES;
				CLANG_WARN_DIRECT_OBJC_ISA_USAGE = YES_ERROR;
				CLANG_WARN_EMPTY_BODY = YES;
				CLANG_WARN_ENUM_CONVERSION = YES;
				CLANG_WARN_INFINITE_RECURSION = YES;
				CLANG_WARN_INT_CONVERSION = YES;
				CLANG_WARN_NON_LITERAL_NULL_CONVERSION = YES;
				CLANG_WARN_OBJC_IMPLICIT_RETAIN_SELF = YES;
				CLANG_WARN_OBJC_LITERAL_CONVERSION = YES;
				CLANG_WARN_OBJC_ROOT_CLASS = YES_ERROR;
				CLANG_WARN_RANGE_LOOP_ANALYSIS = YES;
				CLANG_WARN_STRICT_PROTOTYPES = YES;
				CLANG_WARN_SUSPICIOUS_MOVE = YES;
				CLANG_WARN_UNREACHABLE_CODE = YES;
				CLANG_WARN__DUPLICATE_METHOD_MATCH = YES;
				COPY_PHASE_STRIP = YES;
				ENABLE_NS_ASSERTIONS = NO;
				ENABLE_STRICT_OBJC_MSGSEND = YES;
				GCC_C_LANGUAGE_STANDARD = gnu99;
				GCC_NO_COMMON_BLOCKS = YES;
				GCC_WARN_64_TO_32_BIT_CONVERSION = YES;
				GCC_WARN_ABOUT_RETURN_TYPE = YES_ERROR;
				GCC_WARN_UNDECLARED_SELECTOR = YES;
				GCC_WARN_UNINITIALIZED_AUTOS = YES_AGGRESSIVE;
				GCC_WARN_UNUSED_FUNCTION = YES;
				GCC_WARN_UNUSED_VARIABLE = YES;
				IPHONEOS_DEPLOYMENT_TARGET = 8.0;
				MTL_ENABLE_DEBUG_INFO = NO;
				SDKROOT = iphoneos;
				VALIDATE_PRODUCT = YES;
			};
			name = Release;
		};
		58B511F01A9E6C8500147676 /* Debug */ = {
			isa = XCBuildConfiguration;
			buildSettings = {
				CLANG_ALLOW_NON_MODULAR_INCLUDES_IN_FRAMEWORK_MODULES = YES;
				FRAMEWORK_SEARCH_PATHS = "${CONFIGURATION_BUILD_DIR}/NativoSDK.framework";
				HEADER_SEARCH_PATHS = (
					"$(inherited)",
					/Applications/Xcode.app/Contents/Developer/Toolchains/XcodeDefault.xctoolchain/usr/include,
					"$(SRCROOT)/../../../React/**",
					"$(SRCROOT)/../../react-native/React/**",
					"~/Documents/Nativo/NativoSDK-iOS/NativoSDK-iOS-Workspace/NativoSDK-iOS/NativoSDK/Public",
				);
				LIBRARY_SEARCH_PATHS = "$(inherited)";
				ONLY_ACTIVE_ARCH = YES;
				OTHER_LDFLAGS = "-ObjC";
				PRODUCT_NAME = NativoAds;
				SKIP_INSTALL = YES;
			};
			name = Debug;
		};
		58B511F11A9E6C8500147676 /* Release */ = {
			isa = XCBuildConfiguration;
			buildSettings = {
				CLANG_ALLOW_NON_MODULAR_INCLUDES_IN_FRAMEWORK_MODULES = YES;
				FRAMEWORK_SEARCH_PATHS = "${CONFIGURATION_BUILD_DIR}/NativoSDK.framework";
				HEADER_SEARCH_PATHS = (
					"$(inherited)",
					/Applications/Xcode.app/Contents/Developer/Toolchains/XcodeDefault.xctoolchain/usr/include,
					"$(SRCROOT)/../../../React/**",
					"$(SRCROOT)/../../react-native/React/**",
					"~/Documents/Nativo/NativoSDK-iOS/NativoSDK-iOS-Workspace/NativoSDK-iOS/NativoSDK/Public",
				);
				LIBRARY_SEARCH_PATHS = "$(inherited)";
				ONLY_ACTIVE_ARCH = NO;
				OTHER_LDFLAGS = "-ObjC";
				PRODUCT_NAME = NativoAds;
				SKIP_INSTALL = YES;
			};
			name = Release;
		};
/* End XCBuildConfiguration section */

/* Begin XCConfigurationList section */
		58B511D61A9E6C8500147676 /* Build configuration list for PBXProject "NativoAds" */ = {
			isa = XCConfigurationList;
			buildConfigurations = (
				58B511ED1A9E6C8500147676 /* Debug */,
				58B511EE1A9E6C8500147676 /* Release */,
			);
			defaultConfigurationIsVisible = 0;
			defaultConfigurationName = Release;
		};
		58B511EF1A9E6C8500147676 /* Build configuration list for PBXNativeTarget "NativoAds" */ = {
			isa = XCConfigurationList;
			buildConfigurations = (
				58B511F01A9E6C8500147676 /* Debug */,
				58B511F11A9E6C8500147676 /* Release */,
			);
			defaultConfigurationIsVisible = 0;
			defaultConfigurationName = Release;
		};
/* End XCConfigurationList section */
	};
	rootObject = 58B511D31A9E6C8500147676 /* Project object */;
}
